
Microsoft Visual Studio Solution File, Format Version 12.00
# Visual Studio Version 17
VisualStudioVersion = 17.10.35013.160
MinimumVisualStudioVersion = 10.0.40219.1
Project("{8BC9CEB8-8B4A-11D0-8D11-00A0C91BC942}") = "ByteRenderer", "ByteRenderer\ByteRenderer.vcxproj", "{FB295F2F-F5E3-404D-B50A-98B401F0259F}"
EndProject
Project("{8BC9CEB8-8B4A-11D0-8D11-00A0C91BC942}") = "Sandbox", "Sandbox\Sandbox.vcxproj", "{985416AA-BA0A-4B9B-A63A-A0545EBFA2A2}"
	ProjectSection(ProjectDependencies) = postProject
		{FB295F2F-F5E3-404D-B50A-98B401F0259F} = {FB295F2F-F5E3-404D-B50A-98B401F0259F}
	EndProjectSection
EndProject
Global
	GlobalSection(SolutionConfigurationPlatforms) = preSolution
		Debug|x64 = Debug|x64
		Debug|x86 = Debug|x86
		Release|x64 = Release|x64
		Release|x86 = Release|x86
	EndGlobalSection
	GlobalSection(ProjectConfigurationPlatforms) = postSolution
		{FB295F2F-F5E3-404D-B50A-98B401F0259F}.Debug|x64.ActiveCfg = Debug|x64
		{FB295F2F-F5E3-404D-B50A-98B401F0259F}.Debug|x64.Build.0 = Debug|x64
		{FB295F2F-F5E3-404D-B50A-98B401F0259F}.Debug|x86.ActiveCfg = Debug|Win32
		{FB295F2F-F5E3-404D-B50A-98B401F0259F}.Debug|x86.Build.0 = Debug|Win32
		{FB295F2F-F5E3-404D-B50A-98B401F0259F}.Release|x64.ActiveCfg = Release|x64
		{FB295F2F-F5E3-404D-B50A-98B401F0259F}.Release|x64.Build.0 = Release|x64
		{FB295F2F-F5E3-404D-B50A-98B401F0259F}.Release|x86.ActiveCfg = Release|Win32
		{FB295F2F-F5E3-404D-B50A-98B401F0259F}.Release|x86.Build.0 = Release|Win32
		{985416AA-BA0A-4B9B-A63A-A0545EBFA2A2}.Debug|x64.ActiveCfg = Debug|x64
		{985416AA-BA0A-4B9B-A63A-A0545EBFA2A2}.Debug|x64.Build.0 = Debug|x64
		{985416AA-BA0A-4B9B-A63A-A0545EBFA2A2}.Debug|x86.ActiveCfg = Debug|Win32
		{985416AA-BA0A-4B9B-A63A-A0545EBFA2A2}.Debug|x86.Build.0 = Debug|Win32
		{985416AA-BA0A-4B9B-A63A-A0545EBFA2A2}.Release|x64.ActiveCfg = Release|x64
		{985416AA-BA0A-4B9B-A63A-A0545EBFA2A2}.Release|x64.Build.0 = Release|x64
		{985416AA-BA0A-4B9B-A63A-A0545EBFA2A2}.Release|x86.ActiveCfg = Release|Win32
		{985416AA-BA0A-4B9B-A63A-A0545EBFA2A2}.Release|x86.Build.0 = Release|Win32
	EndGlobalSection
	GlobalSection(SolutionProperties) = preSolution
		HideSolutionNode = FALSE
	EndGlobalSection
	GlobalSection(ExtensibilityGlobals) = postSolution
		SolutionGuid = {72F02E5F-A433-4F9D-A274-6F4DDCACB4BD}
	EndGlobalSection
EndGlobal
