<?xml version="1.0" encoding="utf-8"?>
<Project ToolsVersion="4.0" xmlns="http://schemas.microsoft.com/developer/msbuild/2003">
  <ItemGroup>
    <Filter Include="Source Files">
      <UniqueIdentifier>{4FC737F1-C7A5-4376-A066-2A32D752A2FF}</UniqueIdentifier>
      <Extensions>cpp;c;cc;cxx;c++;cppm;ixx;def;odl;idl;hpj;bat;asm;asmx</Extensions>
    </Filter>
    <Filter Include="Header Files">
      <UniqueIdentifier>{93995380-89BD-4b04-88EB-625FBE52EBFB}</UniqueIdentifier>
      <Extensions>h;hh;hpp;hxx;h++;hm;inl;inc;ipp;xsd</Extensions>
    </Filter>
    <Filter Include="Resource Files">
      <UniqueIdentifier>{67DA6AB6-F800-4c08-8B7A-83BB121AAD01}</UniqueIdentifier>
      <Extensions>rc;ico;cur;bmp;dlg;rc2;rct;bin;rgs;gif;jpg;jpeg;jpe;resx;tiff;tif;png;wav;mfcribbon-ms</Extensions>
    </Filter>
  </ItemGroup>
  <ItemGroup>
    <ClCompile Include="main.cpp">
      <Filter>Source Files</Filter>
    </ClCompile>
    <ClCompile Include="glad.c">
      <Filter>Source Files</Filter>
    </ClCompile>
    <ClCompile Include="stb_image.cpp">
      <Filter>Source Files</Filter>
    </ClCompile>
  </ItemGroup>
  <ItemGroup>
    <ClInclude Include="mesh.h">
      <Filter>Header Files</Filter>
    </ClInclude>
    <ClInclude Include="material.h">
      <Filter>Header Files</Filter>
    </ClInclude>
    <ClInclude Include="texture.h">
      <Filter>Header Files</Filter>
    </ClInclude>
    <ClInclude Include="shader.h">
      <Filter>Header Files</Filter>
    </ClInclude>
    <ClInclude Include="renderer.h">
      <Filter>Header Files</Filter>
    </ClInclude>
    <ClInclude Include="render_pass.h">
      <Filter>Header Files</Filter>
    </ClInclude>
    <ClInclude Include="render_array.h">
      <Filter>Header Files</Filter>
    </ClInclude>
    <ClInclude Include="mat.h">
      <Filter>Header Files</Filter>
    </ClInclude>
    <ClInclude Include="quaternion.h">
      <Filter>Header Files</Filter>
    </ClInclude>
    <ClInclude Include="transform.h">
      <Filter>Header Files</Filter>
    </ClInclude>
    <ClInclude Include="trigonometry.h">
      <Filter>Header Files</Filter>
    </ClInclude>
    <ClInclude Include="vec.h">
      <Filter>Header Files</Filter>
    </ClInclude>
    <ClInclude Include="opengl_api.h">
      <Filter>Header Files</Filter>
    </ClInclude>
    <ClInclude Include="window.h">
      <Filter>Header Files</Filter>
    </ClInclude>
    <ClInclude Include="stb_image.h">
      <Filter>Header Files</Filter>
    </ClInclude>
    <ClInclude Include="camera.h">
      <Filter>Header Files</Filter>
    </ClInclude>
    <ClInclude Include="light.h">
      <Filter>Header Files</Filter>
    </ClInclude>
    <ClInclude Include="framebuffer.h">
      <Filter>Header Files</Filter>
    </ClInclude>
    <ClInclude Include="render_type.h">
      <Filter>Header Files</Filter>
    </ClInclude>
    <ClInclude Include="test.h">
      <Filter>Header Files</Filter>
    </ClInclude>
    <ClInclude Include="context.h">
      <Filter>Header Files</Filter>
    </ClInclude>
    <ClInclude Include="render.h">
      <Filter>Header Files</Filter>
    </ClInclude>
    <ClInclude Include="instancing.h">
      <Filter>Header Files</Filter>
    </ClInclude>
    <ClInclude Include="default.vert">
      <Filter>Resource Files</Filter>
    </ClInclude>
    <ClInclude Include="forward.frag">
      <Filter>Resource Files</Filter>
    </ClInclude>
    <ClInclude Include="instanced.vert">
      <Filter>Resource Files</Filter>
    </ClInclude>
    <ClInclude Include="quad_depth.frag">
      <Filter>Resource Files</Filter>
    </ClInclude>
  </ItemGroup>
  <ItemGroup>
    <None Include="deferred.frag">
      <Filter>Resource Files</Filter>
    </None>
    <None Include="depth.frag">
      <Filter>Resource Files</Filter>
    </None>
    <None Include="depth.vert">
      <Filter>Resource Files</Filter>
    </None>
    <None Include="instanced_depth.vert">
      <Filter>Resource Files</Filter>
    </None>
    <None Include="instanced_shadowed.vert">
      <Filter>Resource Files</Filter>
    </None>
    <None Include="lighting.frag">
      <Filter>Resource Files</Filter>
    </None>
    <None Include="point_light.frag">
      <Filter>Resource Files</Filter>
    </None>
    <None Include="point_light.vert">
      <Filter>Resource Files</Filter>
    </None>
    <None Include="procedural_skybox.frag">
      <Filter>Resource Files</Filter>
    </None>
    <None Include="procedural_skybox.vert">
      <Filter>Resource Files</Filter>
    </None>
    <None Include="quad.frag">
      <Filter>Resource Files</Filter>
    </None>
    <None Include="quad.vert">
      <Filter>Resource Files</Filter>
    </None>
    <None Include="shadowed.vert">
      <Filter>Resource Files</Filter>
    </None>
    <None Include="shadowed_deferred.frag">
      <Filter>Resource Files</Filter>
    </None>
    <None Include="cascaded_deferred.frag">
      <Filter>Resource Files</Filter>
    </None>
  </ItemGroup>
</Project>